
Microsoft Visual Studio Solution File, Format Version 12.00
# Visual Studio Version 16
VisualStudioVersion = 16.0.30011.22
MinimumVisualStudioVersion = 10.0.40219.1
Project("{9A19103F-16F7-4668-BE54-9A1E7A4F7556}") = "XlsxToHtmlConverter", "XlsxToHtmlConverter\XlsxToHtmlConverter.csproj", "{9C3D5898-272E-4E0F-AEFA-64FA30FAA28E}"
EndProject
Project("{FAE04EC0-301F-11D3-BF4B-00C04F79EFBC}") = "XlsxToHtmlConverter.Test", "XlsxToHtmlConverter.Test\XlsxToHtmlConverter.Test.csproj", "{FF7AC5BC-C9E7-4FCF-9350-8CC6D2108C39}"
EndProject
Global
	GlobalSection(SolutionConfigurationPlatforms) = preSolution
		Debug|Any CPU = Debug|Any CPU
		Release|Any CPU = Release|Any CPU
	EndGlobalSection
	GlobalSection(ProjectConfigurationPlatforms) = postSolution
		{9C3D5898-272E-4E0F-AEFA-64FA30FAA28E}.Debug|Any CPU.ActiveCfg = Debug|Any CPU
		{9C3D5898-272E-4E0F-AEFA-64FA30FAA28E}.Debug|Any CPU.Build.0 = Debug|Any CPU
		{9C3D5898-272E-4E0F-AEFA-64FA30FAA28E}.Release|Any CPU.ActiveCfg = Release|Any CPU
		{9C3D5898-272E-4E0F-AEFA-64FA30FAA28E}.Release|Any CPU.Build.0 = Release|Any CPU
		{FF7AC5BC-C9E7-4FCF-9350-8CC6D2108C39}.Debug|Any CPU.ActiveCfg = Debug|Any CPU
		{FF7AC5BC-C9E7-4FCF-9350-8CC6D2108C39}.Debug|Any CPU.Build.0 = Debug|Any CPU
		{FF7AC5BC-C9E7-4FCF-9350-8CC6D2108C39}.Release|Any CPU.ActiveCfg = Release|Any CPU
		{FF7AC5BC-C9E7-4FCF-9350-8CC6D2108C39}.Release|Any CPU.Build.0 = Release|Any CPU
	EndGlobalSection
	GlobalSection(SolutionProperties) = preSolution
		HideSolutionNode = FALSE
	EndGlobalSection
	GlobalSection(ExtensibilityGlobals) = postSolution
		SolutionGuid = {245E79CD-4F6F-45AD-BEE2-F204DA19D9AB}
	EndGlobalSection
EndGlobal
